
Microsoft Visual Studio Solution File, Format Version 12.00
# Visual Studio Version 17
VisualStudioVersion = 17.9.34728.123
MinimumVisualStudioVersion = 10.0.40219.1
Project("{FAE04EC0-301F-11D3-BF4B-00C04F79EFBC}") = "BeyondNet.AutoMapper.Library", "BeyondNet.AutoMapper.Library\BeyondNet.AutoMapper.Library.csproj", "{27A87C87-58D0-426F-8955-9F3764535944}"
EndProject
Project("{FAE04EC0-301F-11D3-BF4B-00C04F79EFBC}") = "BeyondNet.AutoMapper.Test", "BeyondNet.AutoMapper.Test\BeyondNet.AutoMapper.Test.csproj", "{00E07A6D-02EE-4AD1-BC6B-3812300EEBE0}"
EndProject
Global
	GlobalSection(SolutionConfigurationPlatforms) = preSolution
		Debug|Any CPU = Debug|Any CPU
		Release|Any CPU = Release|Any CPU
	EndGlobalSection
	GlobalSection(ProjectConfigurationPlatforms) = postSolution
		{27A87C87-58D0-426F-8955-9F3764535944}.Debug|Any CPU.ActiveCfg = Debug|Any CPU
		{27A87C87-58D0-426F-8955-9F3764535944}.Debug|Any CPU.Build.0 = Debug|Any CPU
		{27A87C87-58D0-426F-8955-9F3764535944}.Release|Any CPU.ActiveCfg = Release|Any CPU
		{27A87C87-58D0-426F-8955-9F3764535944}.Release|Any CPU.Build.0 = Release|Any CPU
		{00E07A6D-02EE-4AD1-BC6B-3812300EEBE0}.Debug|Any CPU.ActiveCfg = Debug|Any CPU
		{00E07A6D-02EE-4AD1-BC6B-3812300EEBE0}.Debug|Any CPU.Build.0 = Debug|Any CPU
		{00E07A6D-02EE-4AD1-BC6B-3812300EEBE0}.Release|Any CPU.ActiveCfg = Release|Any CPU
		{00E07A6D-02EE-4AD1-BC6B-3812300EEBE0}.Release|Any CPU.Build.0 = Release|Any CPU
	EndGlobalSection
	GlobalSection(SolutionProperties) = preSolution
		HideSolutionNode = FALSE
	EndGlobalSection
	GlobalSection(ExtensibilityGlobals) = postSolution
		SolutionGuid = {A0E8DFC2-F5D6-4A3F-820A-3AF82D2202EE}
	EndGlobalSection
EndGlobal
